// !$*UTF8*$!
{
	archiveVersion = 1;
	classes = {
	};
	objectVersion = 56;
	objects = {

/* Begin PBXBuildFile section */
		720EB2D42C3EB6D800A37AD2 /* AppDelegate.swift in Sources */ = {isa = PBXBuildFile; fileRef = 720EB2D32C3EB6D800A37AD2 /* AppDelegate.swift */; };
		720EB2D62C3EB6D800A37AD2 /* SceneDelegate.swift in Sources */ = {isa = PBXBuildFile; fileRef = 720EB2D52C3EB6D800A37AD2 /* SceneDelegate.swift */; };
		720EB2D82C3EB6D800A37AD2 /* MovieListViewController.swift in Sources */ = {isa = PBXBuildFile; fileRef = 720EB2D72C3EB6D800A37AD2 /* MovieListViewController.swift */; };
		720EB2DD2C3EB6D900A37AD2 /* Assets.xcassets in Resources */ = {isa = PBXBuildFile; fileRef = 720EB2DC2C3EB6D900A37AD2 /* Assets.xcassets */; };
		720EB2E02C3EB6D900A37AD2 /* Base in Resources */ = {isa = PBXBuildFile; fileRef = 720EB2DF2C3EB6D900A37AD2 /* Base */; };
		720EB2EB2C3EB6D900A37AD2 /* MovieTests.swift in Sources */ = {isa = PBXBuildFile; fileRef = 720EB2EA2C3EB6D900A37AD2 /* MovieTests.swift */; };
		720EB2F52C3EB6D900A37AD2 /* MovieUITests.swift in Sources */ = {isa = PBXBuildFile; fileRef = 720EB2F42C3EB6D900A37AD2 /* MovieUITests.swift */; };
		720EB2F72C3EB6D900A37AD2 /* MovieUITestsLaunchTests.swift in Sources */ = {isa = PBXBuildFile; fileRef = 720EB2F62C3EB6D900A37AD2 /* MovieUITestsLaunchTests.swift */; };
		720EB3062C3EC9E000A37AD2 /* Theme.swift in Sources */ = {isa = PBXBuildFile; fileRef = 720EB3052C3EC9E000A37AD2 /* Theme.swift */; };
		720EB3082C3ECA0E00A37AD2 /* ThemeManager.swift in Sources */ = {isa = PBXBuildFile; fileRef = 720EB3072C3ECA0E00A37AD2 /* ThemeManager.swift */; };
		720EB30A2C3ECB4400A37AD2 /* Notifications.swift in Sources */ = {isa = PBXBuildFile; fileRef = 720EB3092C3ECB4400A37AD2 /* Notifications.swift */; };
		720EB30D2C3ECF0000A37AD2 /* Localizable.xcstrings in Resources */ = {isa = PBXBuildFile; fileRef = 720EB30C2C3ECF0000A37AD2 /* Localizable.xcstrings */; };
/* End PBXBuildFile section */

/* Begin PBXContainerItemProxy section */
		720EB2E72C3EB6D900A37AD2 /* PBXContainerItemProxy */ = {
			isa = PBXContainerItemProxy;
			containerPortal = 720EB2C82C3EB6D800A37AD2 /* Project object */;
			proxyType = 1;
			remoteGlobalIDString = 720EB2CF2C3EB6D800A37AD2;
			remoteInfo = Movie;
		};
		720EB2F12C3EB6D900A37AD2 /* PBXContainerItemProxy */ = {
			isa = PBXContainerItemProxy;
			containerPortal = 720EB2C82C3EB6D800A37AD2 /* Project object */;
			proxyType = 1;
			remoteGlobalIDString = 720EB2CF2C3EB6D800A37AD2;
			remoteInfo = Movie;
		};
/* End PBXContainerItemProxy section */

/* Begin PBXFileReference section */
		720EB2D02C3EB6D800A37AD2 /* Movie.app */ = {isa = PBXFileReference; explicitFileType = wrapper.application; includeInIndex = 0; path = Movie.app; sourceTree = BUILT_PRODUCTS_DIR; };
		720EB2D32C3EB6D800A37AD2 /* AppDelegate.swift */ = {isa = PBXFileReference; lastKnownFileType = sourcecode.swift; path = AppDelegate.swift; sourceTree = "<group>"; };
		720EB2D52C3EB6D800A37AD2 /* SceneDelegate.swift */ = {isa = PBXFileReference; lastKnownFileType = sourcecode.swift; path = SceneDelegate.swift; sourceTree = "<group>"; };
		720EB2D72C3EB6D800A37AD2 /* MovieListViewController.swift */ = {isa = PBXFileReference; lastKnownFileType = sourcecode.swift; path = MovieListViewController.swift; sourceTree = "<group>"; };
		720EB2DC2C3EB6D900A37AD2 /* Assets.xcassets */ = {isa = PBXFileReference; lastKnownFileType = folder.assetcatalog; path = Assets.xcassets; sourceTree = "<group>"; };
		720EB2DF2C3EB6D900A37AD2 /* Base */ = {isa = PBXFileReference; lastKnownFileType = file.storyboard; name = Base; path = Base.lproj/LaunchScreen.storyboard; sourceTree = "<group>"; };
		720EB2E12C3EB6D900A37AD2 /* Info.plist */ = {isa = PBXFileReference; lastKnownFileType = text.plist.xml; path = Info.plist; sourceTree = "<group>"; };
		720EB2E62C3EB6D900A37AD2 /* MovieTests.xctest */ = {isa = PBXFileReference; explicitFileType = wrapper.cfbundle; includeInIndex = 0; path = MovieTests.xctest; sourceTree = BUILT_PRODUCTS_DIR; };
		720EB2EA2C3EB6D900A37AD2 /* MovieTests.swift */ = {isa = PBXFileReference; lastKnownFileType = sourcecode.swift; path = MovieTests.swift; sourceTree = "<group>"; };
		720EB2F02C3EB6D900A37AD2 /* MovieUITests.xctest */ = {isa = PBXFileReference; explicitFileType = wrapper.cfbundle; includeInIndex = 0; path = MovieUITests.xctest; sourceTree = BUILT_PRODUCTS_DIR; };
		720EB2F42C3EB6D900A37AD2 /* MovieUITests.swift */ = {isa = PBXFileReference; lastKnownFileType = sourcecode.swift; path = MovieUITests.swift; sourceTree = "<group>"; };
		720EB2F62C3EB6D900A37AD2 /* MovieUITestsLaunchTests.swift */ = {isa = PBXFileReference; lastKnownFileType = sourcecode.swift; path = MovieUITestsLaunchTests.swift; sourceTree = "<group>"; };
		720EB3052C3EC9E000A37AD2 /* Theme.swift */ = {isa = PBXFileReference; lastKnownFileType = sourcecode.swift; path = Theme.swift; sourceTree = "<group>"; };
		720EB3072C3ECA0E00A37AD2 /* ThemeManager.swift */ = {isa = PBXFileReference; lastKnownFileType = sourcecode.swift; path = ThemeManager.swift; sourceTree = "<group>"; };
		720EB3092C3ECB4400A37AD2 /* Notifications.swift */ = {isa = PBXFileReference; lastKnownFileType = sourcecode.swift; path = Notifications.swift; sourceTree = "<group>"; };
		720EB30C2C3ECF0000A37AD2 /* Localizable.xcstrings */ = {isa = PBXFileReference; lastKnownFileType = text.json.xcstrings; path = Localizable.xcstrings; sourceTree = "<group>"; };
/* End PBXFileReference section */

/* Begin PBXFrameworksBuildPhase section */
		720EB2CD2C3EB6D800A37AD2 /* Frameworks */ = {
			isa = PBXFrameworksBuildPhase;
			buildActionMask = 2147483647;
			files = (
			);
			runOnlyForDeploymentPostprocessing = 0;
		};
		720EB2E32C3EB6D900A37AD2 /* Frameworks */ = {
			isa = PBXFrameworksBuildPhase;
			buildActionMask = 2147483647;
			files = (
			);
			runOnlyForDeploymentPostprocessing = 0;
		};
		720EB2ED2C3EB6D900A37AD2 /* Frameworks */ = {
			isa = PBXFrameworksBuildPhase;
			buildActionMask = 2147483647;
			files = (
			);
			runOnlyForDeploymentPostprocessing = 0;
		};
/* End PBXFrameworksBuildPhase section */

/* Begin PBXGroup section */
		720EB2C72C3EB6D800A37AD2 = {
			isa = PBXGroup;
			children = (
				720EB2D22C3EB6D800A37AD2 /* Movie */,
				720EB2E92C3EB6D900A37AD2 /* MovieTests */,
				720EB2F32C3EB6D900A37AD2 /* MovieUITests */,
				720EB2D12C3EB6D800A37AD2 /* Products */,
			);
			sourceTree = "<group>";
		};
		720EB2D12C3EB6D800A37AD2 /* Products */ = {
			isa = PBXGroup;
			children = (
				720EB2D02C3EB6D800A37AD2 /* Movie.app */,
				720EB2E62C3EB6D900A37AD2 /* MovieTests.xctest */,
				720EB2F02C3EB6D900A37AD2 /* MovieUITests.xctest */,
			);
			name = Products;
			sourceTree = "<group>";
		};
		720EB2D22C3EB6D800A37AD2 /* Movie */ = {
			isa = PBXGroup;
			children = (
				720EB2D32C3EB6D800A37AD2 /* AppDelegate.swift */,
				720EB2D52C3EB6D800A37AD2 /* SceneDelegate.swift */,
				720EB3032C3EBD4700A37AD2 /* View */,
				720EB3042C3EC99E00A37AD2 /* Theme */,
				720EB30B2C3ECB4E00A37AD2 /* Extensions */,
				720EB2DC2C3EB6D900A37AD2 /* Assets.xcassets */,
				720EB2DE2C3EB6D900A37AD2 /* LaunchScreen.storyboard */,
				720EB2E12C3EB6D900A37AD2 /* Info.plist */,
				720EB30C2C3ECF0000A37AD2 /* Localizable.xcstrings */,
			);
			path = Movie;
			sourceTree = "<group>";
		};
		720EB2E92C3EB6D900A37AD2 /* MovieTests */ = {
			isa = PBXGroup;
			children = (
				720EB2EA2C3EB6D900A37AD2 /* MovieTests.swift */,
			);
			path = MovieTests;
			sourceTree = "<group>";
		};
		720EB2F32C3EB6D900A37AD2 /* MovieUITests */ = {
			isa = PBXGroup;
			children = (
				720EB2F42C3EB6D900A37AD2 /* MovieUITests.swift */,
				720EB2F62C3EB6D900A37AD2 /* MovieUITestsLaunchTests.swift */,
			);
			path = MovieUITests;
			sourceTree = "<group>";
		};
		720EB3032C3EBD4700A37AD2 /* View */ = {
			isa = PBXGroup;
			children = (
				720EB2D72C3EB6D800A37AD2 /* MovieListViewController.swift */,
			);
			path = View;
			sourceTree = "<group>";
		};
		720EB3042C3EC99E00A37AD2 /* Theme */ = {
			isa = PBXGroup;
			children = (
				720EB3052C3EC9E000A37AD2 /* Theme.swift */,
				720EB3072C3ECA0E00A37AD2 /* ThemeManager.swift */,
			);
			path = Theme;
			sourceTree = "<group>";
		};
		720EB30B2C3ECB4E00A37AD2 /* Extensions */ = {
			isa = PBXGroup;
			children = (
				720EB3092C3ECB4400A37AD2 /* Notifications.swift */,
			);
			path = Extensions;
			sourceTree = "<group>";
		};
/* End PBXGroup section */

/* Begin PBXNativeTarget section */
		720EB2CF2C3EB6D800A37AD2 /* Movie */ = {
			isa = PBXNativeTarget;
			buildConfigurationList = 720EB2FA2C3EB6D900A37AD2 /* Build configuration list for PBXNativeTarget "Movie" */;
			buildPhases = (
				720EB2CC2C3EB6D800A37AD2 /* Sources */,
				720EB2CD2C3EB6D800A37AD2 /* Frameworks */,
				720EB2CE2C3EB6D800A37AD2 /* Resources */,
			);
			buildRules = (
			);
			dependencies = (
			);
			name = Movie;
			productName = Movie;
			productReference = 720EB2D02C3EB6D800A37AD2 /* Movie.app */;
			productType = "com.apple.product-type.application";
		};
		720EB2E52C3EB6D900A37AD2 /* MovieTests */ = {
			isa = PBXNativeTarget;
			buildConfigurationList = 720EB2FD2C3EB6D900A37AD2 /* Build configuration list for PBXNativeTarget "MovieTests" */;
			buildPhases = (
				720EB2E22C3EB6D900A37AD2 /* Sources */,
				720EB2E32C3EB6D900A37AD2 /* Frameworks */,
				720EB2E42C3EB6D900A37AD2 /* Resources */,
			);
			buildRules = (
			);
			dependencies = (
				720EB2E82C3EB6D900A37AD2 /* PBXTargetDependency */,
			);
			name = MovieTests;
			productName = MovieTests;
			productReference = 720EB2E62C3EB6D900A37AD2 /* MovieTests.xctest */;
			productType = "com.apple.product-type.bundle.unit-test";
		};
		720EB2EF2C3EB6D900A37AD2 /* MovieUITests */ = {
			isa = PBXNativeTarget;
			buildConfigurationList = 720EB3002C3EB6D900A37AD2 /* Build configuration list for PBXNativeTarget "MovieUITests" */;
			buildPhases = (
				720EB2EC2C3EB6D900A37AD2 /* Sources */,
				720EB2ED2C3EB6D900A37AD2 /* Frameworks */,
				720EB2EE2C3EB6D900A37AD2 /* Resources */,
			);
			buildRules = (
			);
			dependencies = (
				720EB2F22C3EB6D900A37AD2 /* PBXTargetDependency */,
			);
			name = MovieUITests;
			productName = MovieUITests;
			productReference = 720EB2F02C3EB6D900A37AD2 /* MovieUITests.xctest */;
			productType = "com.apple.product-type.bundle.ui-testing";
		};
/* End PBXNativeTarget section */

/* Begin PBXProject section */
		720EB2C82C3EB6D800A37AD2 /* Project object */ = {
			isa = PBXProject;
			attributes = {
				BuildIndependentTargetsInParallel = 1;
				LastSwiftUpdateCheck = 1540;
				LastUpgradeCheck = 1540;
				TargetAttributes = {
					720EB2CF2C3EB6D800A37AD2 = {
						CreatedOnToolsVersion = 15.4;
					};
					720EB2E52C3EB6D900A37AD2 = {
						CreatedOnToolsVersion = 15.4;
						TestTargetID = 720EB2CF2C3EB6D800A37AD2;
					};
					720EB2EF2C3EB6D900A37AD2 = {
						CreatedOnToolsVersion = 15.4;
						TestTargetID = 720EB2CF2C3EB6D800A37AD2;
					};
				};
			};
			buildConfigurationList = 720EB2CB2C3EB6D800A37AD2 /* Build configuration list for PBXProject "Movie" */;
			compatibilityVersion = "Xcode 14.0";
			developmentRegion = en;
			hasScannedForEncodings = 0;
			knownRegions = (
				en,
				Base,
			);
			mainGroup = 720EB2C72C3EB6D800A37AD2;
			productRefGroup = 720EB2D12C3EB6D800A37AD2 /* Products */;
			projectDirPath = "";
			projectRoot = "";
			targets = (
				720EB2CF2C3EB6D800A37AD2 /* Movie */,
				720EB2E52C3EB6D900A37AD2 /* MovieTests */,
				720EB2EF2C3EB6D900A37AD2 /* MovieUITests */,
			);
		};
/* End PBXProject section */

/* Begin PBXResourcesBuildPhase section */
		720EB2CE2C3EB6D800A37AD2 /* Resources */ = {
			isa = PBXResourcesBuildPhase;
			buildActionMask = 2147483647;
			files = (
				720EB2DD2C3EB6D900A37AD2 /* Assets.xcassets in Resources */,
				720EB2E02C3EB6D900A37AD2 /* Base in Resources */,
				720EB30D2C3ECF0000A37AD2 /* Localizable.xcstrings in Resources */,
			);
			runOnlyForDeploymentPostprocessing = 0;
		};
		720EB2E42C3EB6D900A37AD2 /* Resources */ = {
			isa = PBXResourcesBuildPhase;
			buildActionMask = 2147483647;
			files = (
			);
			runOnlyForDeploymentPostprocessing = 0;
		};
		720EB2EE2C3EB6D900A37AD2 /* Resources */ = {
			isa = PBXResourcesBuildPhase;
			buildActionMask = 2147483647;
			files = (
			);
			runOnlyForDeploymentPostprocessing = 0;
		};
/* End PBXResourcesBuildPhase section */

/* Begin PBXSourcesBuildPhase section */
		720EB2CC2C3EB6D800A37AD2 /* Sources */ = {
			isa = PBXSourcesBuildPhase;
			buildActionMask = 2147483647;
			files = (
				720EB30A2C3ECB4400A37AD2 /* Notifications.swift in Sources */,
				720EB2D82C3EB6D800A37AD2 /* MovieListViewController.swift in Sources */,
				720EB3062C3EC9E000A37AD2 /* Theme.swift in Sources */,
				720EB3082C3ECA0E00A37AD2 /* ThemeManager.swift in Sources */,
				720EB2D42C3EB6D800A37AD2 /* AppDelegate.swift in Sources */,
				720EB2D62C3EB6D800A37AD2 /* SceneDelegate.swift in Sources */,
			);
			runOnlyForDeploymentPostprocessing = 0;
		};
		720EB2E22C3EB6D900A37AD2 /* Sources */ = {
			isa = PBXSourcesBuildPhase;
			buildActionMask = 2147483647;
			files = (
				720EB2EB2C3EB6D900A37AD2 /* MovieTests.swift in Sources */,
			);
			runOnlyForDeploymentPostprocessing = 0;
		};
		720EB2EC2C3EB6D900A37AD2 /* Sources */ = {
			isa = PBXSourcesBuildPhase;
			buildActionMask = 2147483647;
			files = (
				720EB2F52C3EB6D900A37AD2 /* MovieUITests.swift in Sources */,
				720EB2F72C3EB6D900A37AD2 /* MovieUITestsLaunchTests.swift in Sources */,
			);
			runOnlyForDeploymentPostprocessing = 0;
		};
/* End PBXSourcesBuildPhase section */

/* Begin PBXTargetDependency section */
		720EB2E82C3EB6D900A37AD2 /* PBXTargetDependency */ = {
			isa = PBXTargetDependency;
			target = 720EB2CF2C3EB6D800A37AD2 /* Movie */;
			targetProxy = 720EB2E72C3EB6D900A37AD2 /* PBXContainerItemProxy */;
		};
		720EB2F22C3EB6D900A37AD2 /* PBXTargetDependency */ = {
			isa = PBXTargetDependency;
			target = 720EB2CF2C3EB6D800A37AD2 /* Movie */;
			targetProxy = 720EB2F12C3EB6D900A37AD2 /* PBXContainerItemProxy */;
		};
/* End PBXTargetDependency section */

/* Begin PBXVariantGroup section */
		720EB2DE2C3EB6D900A37AD2 /* LaunchScreen.storyboard */ = {
			isa = PBXVariantGroup;
			children = (
				720EB2DF2C3EB6D900A37AD2 /* Base */,
			);
			name = LaunchScreen.storyboard;
			sourceTree = "<group>";
		};
/* End PBXVariantGroup section */

/* Begin XCBuildConfiguration section */
		720EB2F82C3EB6D900A37AD2 /* Debug */ = {
			isa = XCBuildConfiguration;
			buildSettings = {
				ALWAYS_SEARCH_USER_PATHS = NO;
				ASSETCATALOG_COMPILER_GENERATE_SWIFT_ASSET_SYMBOL_EXTENSIONS = YES;
				CLANG_ANALYZER_NONNULL = YES;
				CLANG_ANALYZER_NUMBER_OBJECT_CONVERSION = YES_AGGRESSIVE;
				CLANG_CXX_LANGUAGE_STANDARD = "gnu++20";
				CLANG_ENABLE_MODULES = YES;
				CLANG_ENABLE_OBJC_ARC = YES;
				CLANG_ENABLE_OBJC_WEAK = YES;
				CLANG_WARN_BLOCK_CAPTURE_AUTORELEASING = YES;
				CLANG_WARN_BOOL_CONVERSION = YES;
				CLANG_WARN_COMMA = YES;
				CLANG_WARN_CONSTANT_CONVERSION = YES;
				CLANG_WARN_DEPRECATED_OBJC_IMPLEMENTATIONS = YES;
				CLANG_WARN_DIRECT_OBJC_ISA_USAGE = YES_ERROR;
				CLANG_WARN_DOCUMENTATION_COMMENTS = YES;
				CLANG_WARN_EMPTY_BODY = YES;
				CLANG_WARN_ENUM_CONVERSION = YES;
				CLANG_WARN_INFINITE_RECURSION = YES;
				CLANG_WARN_INT_CONVERSION = YES;
				CLANG_WARN_NON_LITERAL_NULL_CONVERSION = YES;
				CLANG_WARN_OBJC_IMPLICIT_RETAIN_SELF = YES;
				CLANG_WARN_OBJC_LITERAL_CONVERSION = YES;
				CLANG_WARN_OBJC_ROOT_CLASS = YES_ERROR;
				CLANG_WARN_QUOTED_INCLUDE_IN_FRAMEWORK_HEADER = YES;
				CLANG_WARN_RANGE_LOOP_ANALYSIS = YES;
				CLANG_WARN_STRICT_PROTOTYPES = YES;
				CLANG_WARN_SUSPICIOUS_MOVE = YES;
				CLANG_WARN_UNGUARDED_AVAILABILITY = YES_AGGRESSIVE;
				CLANG_WARN_UNREACHABLE_CODE = YES;
				CLANG_WARN__DUPLICATE_METHOD_MATCH = YES;
				COPY_PHASE_STRIP = NO;
				DEBUG_INFORMATION_FORMAT = dwarf;
				ENABLE_STRICT_OBJC_MSGSEND = YES;
				ENABLE_TESTABILITY = YES;
				ENABLE_USER_SCRIPT_SANDBOXING = YES;
				GCC_C_LANGUAGE_STANDARD = gnu17;
				GCC_DYNAMIC_NO_PIC = NO;
				GCC_NO_COMMON_BLOCKS = YES;
				GCC_OPTIMIZATION_LEVEL = 0;
				GCC_PREPROCESSOR_DEFINITIONS = (
					"DEBUG=1",
					"$(inherited)",
				);
				GCC_WARN_64_TO_32_BIT_CONVERSION = YES;
				GCC_WARN_ABOUT_RETURN_TYPE = YES_ERROR;
				GCC_WARN_UNDECLARED_SELECTOR = YES;
				GCC_WARN_UNINITIALIZED_AUTOS = YES_AGGRESSIVE;
				GCC_WARN_UNUSED_FUNCTION = YES;
				GCC_WARN_UNUSED_VARIABLE = YES;
				IPHONEOS_DEPLOYMENT_TARGET = 17.5;
				LOCALIZATION_PREFERS_STRING_CATALOGS = YES;
				MTL_ENABLE_DEBUG_INFO = INCLUDE_SOURCE;
				MTL_FAST_MATH = YES;
				ONLY_ACTIVE_ARCH = YES;
				SDKROOT = iphoneos;
				SWIFT_ACTIVE_COMPILATION_CONDITIONS = "DEBUG $(inherited)";
				SWIFT_OPTIMIZATION_LEVEL = "-Onone";
			};
			name = Debug;
		};
		720EB2F92C3EB6D900A37AD2 /* Release */ = {
			isa = XCBuildConfiguration;
			buildSettings = {
				ALWAYS_SEARCH_USER_PATHS = NO;
				ASSETCATALOG_COMPILER_GENERATE_SWIFT_ASSET_SYMBOL_EXTENSIONS = YES;
				CLANG_ANALYZER_NONNULL = YES;
				CLANG_ANALYZER_NUMBER_OBJECT_CONVERSION = YES_AGGRESSIVE;
				CLANG_CXX_LANGUAGE_STANDARD = "gnu++20";
				CLANG_ENABLE_MODULES = YES;
				CLANG_ENABLE_OBJC_ARC = YES;
				CLANG_ENABLE_OBJC_WEAK = YES;
				CLANG_WARN_BLOCK_CAPTURE_AUTORELEASING = YES;
				CLANG_WARN_BOOL_CONVERSION = YES;
				CLANG_WARN_COMMA = YES;
				CLANG_WARN_CONSTANT_CONVERSION = YES;
				CLANG_WARN_DEPRECATED_OBJC_IMPLEMENTATIONS = YES;
				CLANG_WARN_DIRECT_OBJC_ISA_USAGE = YES_ERROR;
				CLANG_WARN_DOCUMENTATION_COMMENTS = YES;
				CLANG_WARN_EMPTY_BODY = YES;
				CLANG_WARN_ENUM_CONVERSION = YES;
				CLANG_WARN_INFINITE_RECURSION = YES;
				CLANG_WARN_INT_CONVERSION = YES;
				CLANG_WARN_NON_LITERAL_NULL_CONVERSION = YES;
				CLANG_WARN_OBJC_IMPLICIT_RETAIN_SELF = YES;
				CLANG_WARN_OBJC_LITERAL_CONVERSION = YES;
				CLANG_WARN_OBJC_ROOT_CLASS = YES_ERROR;
				CLANG_WARN_QUOTED_INCLUDE_IN_FRAMEWORK_HEADER = YES;
				CLANG_WARN_RANGE_LOOP_ANALYSIS = YES;
				CLANG_WARN_STRICT_PROTOTYPES = YES;
				CLANG_WARN_SUSPICIOUS_MOVE = YES;
				CLANG_WARN_UNGUARDED_AVAILABILITY = YES_AGGRESSIVE;
				CLANG_WARN_UNREACHABLE_CODE = YES;
				CLANG_WARN__DUPLICATE_METHOD_MATCH = YES;
				COPY_PHASE_STRIP = NO;
				DEBUG_INFORMATION_FORMAT = "dwarf-with-dsym";
				ENABLE_NS_ASSERTIONS = NO;
				ENABLE_STRICT_OBJC_MSGSEND = YES;
				ENABLE_USER_SCRIPT_SANDBOXING = YES;
				GCC_C_LANGUAGE_STANDARD = gnu17;
				GCC_NO_COMMON_BLOCKS = YES;
				GCC_WARN_64_TO_32_BIT_CONVERSION = YES;
				GCC_WARN_ABOUT_RETURN_TYPE = YES_ERROR;
				GCC_WARN_UNDECLARED_SELECTOR = YES;
				GCC_WARN_UNINITIALIZED_AUTOS = YES_AGGRESSIVE;
				GCC_WARN_UNUSED_FUNCTION = YES;
				GCC_WARN_UNUSED_VARIABLE = YES;
				IPHONEOS_DEPLOYMENT_TARGET = 17.5;
				LOCALIZATION_PREFERS_STRING_CATALOGS = YES;
				MTL_ENABLE_DEBUG_INFO = NO;
				MTL_FAST_MATH = YES;
				SDKROOT = iphoneos;
				SWIFT_COMPILATION_MODE = wholemodule;
				VALIDATE_PRODUCT = YES;
			};
			name = Release;
		};
		720EB2FB2C3EB6D900A37AD2 /* Debug */ = {
			isa = XCBuildConfiguration;
			buildSettings = {
				ASSETCATALOG_COMPILER_APPICON_NAME = AppIcon;
				ASSETCATALOG_COMPILER_GLOBAL_ACCENT_COLOR_NAME = AccentColor;
				CODE_SIGN_STYLE = Automatic;
				CURRENT_PROJECT_VERSION = 1;
				DEVELOPMENT_TEAM = 84G5QLRWPP;
				GENERATE_INFOPLIST_FILE = YES;
				INFOPLIST_FILE = Movie/Info.plist;
				INFOPLIST_KEY_UIApplicationSupportsIndirectInputEvents = YES;
				INFOPLIST_KEY_UILaunchStoryboardName = LaunchScreen;
				INFOPLIST_KEY_UIMainStoryboardFile = "";
				INFOPLIST_KEY_UISupportedInterfaceOrientations = UIInterfaceOrientationPortrait;
				INFOPLIST_KEY_UISupportedInterfaceOrientations_iPad = "UIInterfaceOrientationLandscapeLeft UIInterfaceOrientationLandscapeRight UIInterfaceOrientationPortrait UIInterfaceOrientationPortraitUpsideDown";
				IPHONEOS_DEPLOYMENT_TARGET = 15.0;
				LD_RUNPATH_SEARCH_PATHS = (
					"$(inherited)",
					"@executable_path/Frameworks",
				);
				MARKETING_VERSION = 1.0;
				PRODUCT_BUNDLE_IDENTIFIER = com.farid.Movie;
				PRODUCT_NAME = "$(TARGET_NAME)";
				SUPPORTED_PLATFORMS = "iphoneos iphonesimulator";
				SUPPORTS_MACCATALYST = NO;
				SUPPORTS_MAC_DESIGNED_FOR_IPHONE_IPAD = NO;
				SUPPORTS_XR_DESIGNED_FOR_IPHONE_IPAD = NO;
				SWIFT_EMIT_LOC_STRINGS = YES;
				SWIFT_VERSION = 5.0;
				TARGETED_DEVICE_FAMILY = 1;
			};
			name = Debug;
		};
		720EB2FC2C3EB6D900A37AD2 /* Release */ = {
			isa = XCBuildConfiguration;
			buildSettings = {
				ASSETCATALOG_COMPILER_APPICON_NAME = AppIcon;
				ASSETCATALOG_COMPILER_GLOBAL_ACCENT_COLOR_NAME = AccentColor;
				CODE_SIGN_STYLE = Automatic;
				CURRENT_PROJECT_VERSION = 1;
				DEVELOPMENT_TEAM = 84G5QLRWPP;
				GENERATE_INFOPLIST_FILE = YES;
				INFOPLIST_FILE = Movie/Info.plist;
				INFOPLIST_KEY_UIApplicationSupportsIndirectInputEvents = YES;
				INFOPLIST_KEY_UILaunchStoryboardName = LaunchScreen;
				INFOPLIST_KEY_UIMainStoryboardFile = "";
				INFOPLIST_KEY_UISupportedInterfaceOrientations = UIInterfaceOrientationPortrait;
				INFOPLIST_KEY_UISupportedInterfaceOrientations_iPad = "UIInterfaceOrientationLandscapeLeft UIInterfaceOrientationLandscapeRight UIInterfaceOrientationPortrait UIInterfaceOrientationPortraitUpsideDown";
				IPHONEOS_DEPLOYMENT_TARGET = 15.0;
				LD_RUNPATH_SEARCH_PATHS = (
					"$(inherited)",
					"@executable_path/Frameworks",
				);
				MARKETING_VERSION = 1.0;
				PRODUCT_BUNDLE_IDENTIFIER = com.farid.Movie;
				PRODUCT_NAME = "$(TARGET_NAME)";
				SUPPORTED_PLATFORMS = "iphoneos iphonesimulator";
				SUPPORTS_MACCATALYST = NO;
				SUPPORTS_MAC_DESIGNED_FOR_IPHONE_IPAD = NO;
				SUPPORTS_XR_DESIGNED_FOR_IPHONE_IPAD = NO;
				SWIFT_EMIT_LOC_STRINGS = YES;
				SWIFT_VERSION = 5.0;
				TARGETED_DEVICE_FAMILY = 1;
			};
			name = Release;
		};
		720EB2FE2C3EB6D900A37AD2 /* Debug */ = {
			isa = XCBuildConfiguration;
			buildSettings = {
				ALWAYS_EMBED_SWIFT_STANDARD_LIBRARIES = YES;
				BUNDLE_LOADER = "$(TEST_HOST)";
				CODE_SIGN_STYLE = Automatic;
				CURRENT_PROJECT_VERSION = 1;
				DEVELOPMENT_TEAM = 84G5QLRWPP;
				GENERATE_INFOPLIST_FILE = YES;
				IPHONEOS_DEPLOYMENT_TARGET = 17.5;
				MARKETING_VERSION = 1.0;
				PRODUCT_BUNDLE_IDENTIFIER = com.farid.MovieTests;
				PRODUCT_NAME = "$(TARGET_NAME)";
				SWIFT_EMIT_LOC_STRINGS = NO;
				SWIFT_VERSION = 5.0;
				TARGETED_DEVICE_FAMILY = "1,2";
				TEST_HOST = "$(BUILT_PRODUCTS_DIR)/Movie.app/$(BUNDLE_EXECUTABLE_FOLDER_PATH)/Movie";
			};
			name = Debug;
		};
		720EB2FF2C3EB6D900A37AD2 /* Release */ = {
			isa = XCBuildConfiguration;
			buildSettings = {
				ALWAYS_EMBED_SWIFT_STANDARD_LIBRARIES = YES;
				BUNDLE_LOADER = "$(TEST_HOST)";
				CODE_SIGN_STYLE = Automatic;
				CURRENT_PROJECT_VERSION = 1;
				DEVELOPMENT_TEAM = 84G5QLRWPP;
				GENERATE_INFOPLIST_FILE = YES;
				IPHONEOS_DEPLOYMENT_TARGET = 17.5;
				MARKETING_VERSION = 1.0;
				PRODUCT_BUNDLE_IDENTIFIER = com.farid.MovieTests;
				PRODUCT_NAME = "$(TARGET_NAME)";
				SWIFT_EMIT_LOC_STRINGS = NO;
				SWIFT_VERSION = 5.0;
				TARGETED_DEVICE_FAMILY = "1,2";
				TEST_HOST = "$(BUILT_PRODUCTS_DIR)/Movie.app/$(BUNDLE_EXECUTABLE_FOLDER_PATH)/Movie";
			};
			name = Release;
		};
		720EB3012C3EB6D900A37AD2 /* Debug */ = {
			isa = XCBuildConfiguration;
			buildSettings = {
				ALWAYS_EMBED_SWIFT_STANDARD_LIBRARIES = YES;
				CODE_SIGN_STYLE = Automatic;
				CURRENT_PROJECT_VERSION = 1;
				DEVELOPMENT_TEAM = 84G5QLRWPP;
				GENERATE_INFOPLIST_FILE = YES;
				MARKETING_VERSION = 1.0;
				PRODUCT_BUNDLE_IDENTIFIER = com.farid.MovieUITests;
				PRODUCT_NAME = "$(TARGET_NAME)";
				SWIFT_EMIT_LOC_STRINGS = NO;
				SWIFT_VERSION = 5.0;
				TARGETED_DEVICE_FAMILY = "1,2";
				TEST_TARGET_NAME = Movie;
			};
			name = Debug;
		};
		720EB3022C3EB6D900A37AD2 /* Release */ = {
			isa = XCBuildConfiguration;
			buildSettings = {
				ALWAYS_EMBED_SWIFT_STANDARD_LIBRARIES = YES;
				CODE_SIGN_STYLE = Automatic;
				CURRENT_PROJECT_VERSION = 1;
				DEVELOPMENT_TEAM = 84G5QLRWPP;
				GENERATE_INFOPLIST_FILE = YES;
				MARKETING_VERSION = 1.0;
				PRODUCT_BUNDLE_IDENTIFIER = com.farid.MovieUITests;
				PRODUCT_NAME = "$(TARGET_NAME)";
				SWIFT_EMIT_LOC_STRINGS = NO;
				SWIFT_VERSION = 5.0;
				TARGETED_DEVICE_FAMILY = "1,2";
				TEST_TARGET_NAME = Movie;
			};
			name = Release;
		};
/* End XCBuildConfiguration section */

/* Begin XCConfigurationList section */
		720EB2CB2C3EB6D800A37AD2 /* Build configuration list for PBXProject "Movie" */ = {
			isa = XCConfigurationList;
			buildConfigurations = (
				720EB2F82C3EB6D900A37AD2 /* Debug */,
				720EB2F92C3EB6D900A37AD2 /* Release */,
			);
			defaultConfigurationIsVisible = 0;
			defaultConfigurationName = Release;
		};
		720EB2FA2C3EB6D900A37AD2 /* Build configuration list for PBXNativeTarget "Movie" */ = {
			isa = XCConfigurationList;
			buildConfigurations = (
				720EB2FB2C3EB6D900A37AD2 /* Debug */,
				720EB2FC2C3EB6D900A37AD2 /* Release */,
			);
			defaultConfigurationIsVisible = 0;
			defaultConfigurationName = Release;
		};
		720EB2FD2C3EB6D900A37AD2 /* Build configuration list for PBXNativeTarget "MovieTests" */ = {
			isa = XCConfigurationList;
			buildConfigurations = (
				720EB2FE2C3EB6D900A37AD2 /* Debug */,
				720EB2FF2C3EB6D900A37AD2 /* Release */,
			);
			defaultConfigurationIsVisible = 0;
			defaultConfigurationName = Release;
		};
		720EB3002C3EB6D900A37AD2 /* Build configuration list for PBXNativeTarget "MovieUITests" */ = {
			isa = XCConfigurationList;
			buildConfigurations = (
				720EB3012C3EB6D900A37AD2 /* Debug */,
				720EB3022C3EB6D900A37AD2 /* Release */,
			);
			defaultConfigurationIsVisible = 0;
			defaultConfigurationName = Release;
		};
/* End XCConfigurationList section */
	};
	rootObject = 720EB2C82C3EB6D800A37AD2 /* Project object */;
}
